
Microsoft Visual Studio Solution File, Format Version 12.00
# Visual Studio Version 17
VisualStudioVersion = 17.11.35312.102
MinimumVisualStudioVersion = 10.0.40219.1
Project("{FAE04EC0-301F-11D3-BF4B-00C04F79EFBC}") = "Question2", "Question2.csproj", "{CC30FF6F-C0ED-442A-87F3-8C8E651317AA}"
EndProject
Global
	GlobalSection(SolutionConfigurationPlatforms) = preSolution
		Debug|Any CPU = Debug|Any CPU
		Release|Any CPU = Release|Any CPU
	EndGlobalSection
	GlobalSection(ProjectConfigurationPlatforms) = postSolution
		{CC30FF6F-C0ED-442A-87F3-8C8E651317AA}.Debug|Any CPU.ActiveCfg = Debug|Any CPU
		{CC30FF6F-C0ED-442A-87F3-8C8E651317AA}.Debug|Any CPU.Build.0 = Debug|Any CPU
		{CC30FF6F-C0ED-442A-87F3-8C8E651317AA}.Release|Any CPU.ActiveCfg = Release|Any CPU
		{CC30FF6F-C0ED-442A-87F3-8C8E651317AA}.Release|Any CPU.Build.0 = Release|Any CPU
	EndGlobalSection
	GlobalSection(SolutionProperties) = preSolution
		HideSolutionNode = FALSE
	EndGlobalSection
	GlobalSection(ExtensibilityGlobals) = postSolution
		SolutionGuid = {E4E1CACD-1599-4D66-A0E4-C8702156B3A6}
	EndGlobalSection
EndGlobal
